
Microsoft Visual Studio Solution File, Format Version 12.00
# Visual Studio Version 16
VisualStudioVersion = 16.0.29709.97
MinimumVisualStudioVersion = 10.0.40219.1
Project("{FAE04EC0-301F-11D3-BF4B-00C04F79EFBC}") = "RecipeService", "RecipeService\RecipeService.csproj", "{008CAE7A-C1F7-4D12-A688-7E94F82B741B}"
EndProject
Global
	GlobalSection(SolutionConfigurationPlatforms) = preSolution
		Debug|Any CPU = Debug|Any CPU
		Release|Any CPU = Release|Any CPU
	EndGlobalSection
	GlobalSection(ProjectConfigurationPlatforms) = postSolution
		{008CAE7A-C1F7-4D12-A688-7E94F82B741B}.Debug|Any CPU.ActiveCfg = Debug|Any CPU
		{008CAE7A-C1F7-4D12-A688-7E94F82B741B}.Debug|Any CPU.Build.0 = Debug|Any CPU
		{008CAE7A-C1F7-4D12-A688-7E94F82B741B}.Release|Any CPU.ActiveCfg = Release|Any CPU
		{008CAE7A-C1F7-4D12-A688-7E94F82B741B}.Release|Any CPU.Build.0 = Release|Any CPU
	EndGlobalSection
	GlobalSection(SolutionProperties) = preSolution
		HideSolutionNode = FALSE
	EndGlobalSection
	GlobalSection(ExtensibilityGlobals) = postSolution
		SolutionGuid = {AABE91E2-2274-49FF-80F4-F1CB5090728F}
	EndGlobalSection
EndGlobal
